
Microsoft Visual Studio Solution File, Format Version 12.00
# Visual Studio Version 17
VisualStudioVersion = 17.11.35222.181
MinimumVisualStudioVersion = 10.0.40219.1
Project("{8BC9CEB8-8B4A-11D0-8D11-00A0C91BC942}") = "OOP-lab_4", "OOP-lab_4\OOP-lab_4.vcxproj", "{9273BA91-55AF-4FA5-BCBD-7A74AA77F1DB}"
EndProject
Global
	GlobalSection(SolutionConfigurationPlatforms) = preSolution
		Debug|x64 = Debug|x64
		Debug|x86 = Debug|x86
		Release|x64 = Release|x64
		Release|x86 = Release|x86
	EndGlobalSection
	GlobalSection(ProjectConfigurationPlatforms) = postSolution
		{9273BA91-55AF-4FA5-BCBD-7A74AA77F1DB}.Debug|x64.ActiveCfg = Debug|x64
		{9273BA91-55AF-4FA5-BCBD-7A74AA77F1DB}.Debug|x64.Build.0 = Debug|x64
		{9273BA91-55AF-4FA5-BCBD-7A74AA77F1DB}.Debug|x86.ActiveCfg = Debug|Win32
		{9273BA91-55AF-4FA5-BCBD-7A74AA77F1DB}.Debug|x86.Build.0 = Debug|Win32
		{9273BA91-55AF-4FA5-BCBD-7A74AA77F1DB}.Release|x64.ActiveCfg = Release|x64
		{9273BA91-55AF-4FA5-BCBD-7A74AA77F1DB}.Release|x64.Build.0 = Release|x64
		{9273BA91-55AF-4FA5-BCBD-7A74AA77F1DB}.Release|x86.ActiveCfg = Release|Win32
		{9273BA91-55AF-4FA5-BCBD-7A74AA77F1DB}.Release|x86.Build.0 = Release|Win32
	EndGlobalSection
	GlobalSection(SolutionProperties) = preSolution
		HideSolutionNode = FALSE
	EndGlobalSection
	GlobalSection(ExtensibilityGlobals) = postSolution
		SolutionGuid = {B86BEB82-87DC-411F-95F6-3FFC7CAC7644}
	EndGlobalSection
EndGlobal
