
Microsoft Visual Studio Solution File, Format Version 12.00
# Visual Studio Version 17
VisualStudioVersion = 17.11.35222.181
MinimumVisualStudioVersion = 10.0.40219.1
Project("{8BC9CEB8-8B4A-11D0-8D11-00A0C91BC942}") = "OOP_lab_6", "OOP_lab_6\OOP_lab_6.vcxproj", "{63A95C36-E9C3-49B7-9666-59668DD8132C}"
EndProject
Global
	GlobalSection(SolutionConfigurationPlatforms) = preSolution
		Debug|x64 = Debug|x64
		Debug|x86 = Debug|x86
		Release|x64 = Release|x64
		Release|x86 = Release|x86
	EndGlobalSection
	GlobalSection(ProjectConfigurationPlatforms) = postSolution
		{63A95C36-E9C3-49B7-9666-59668DD8132C}.Debug|x64.ActiveCfg = Debug|x64
		{63A95C36-E9C3-49B7-9666-59668DD8132C}.Debug|x64.Build.0 = Debug|x64
		{63A95C36-E9C3-49B7-9666-59668DD8132C}.Debug|x86.ActiveCfg = Debug|Win32
		{63A95C36-E9C3-49B7-9666-59668DD8132C}.Debug|x86.Build.0 = Debug|Win32
		{63A95C36-E9C3-49B7-9666-59668DD8132C}.Release|x64.ActiveCfg = Release|x64
		{63A95C36-E9C3-49B7-9666-59668DD8132C}.Release|x64.Build.0 = Release|x64
		{63A95C36-E9C3-49B7-9666-59668DD8132C}.Release|x86.ActiveCfg = Release|Win32
		{63A95C36-E9C3-49B7-9666-59668DD8132C}.Release|x86.Build.0 = Release|Win32
	EndGlobalSection
	GlobalSection(SolutionProperties) = preSolution
		HideSolutionNode = FALSE
	EndGlobalSection
	GlobalSection(ExtensibilityGlobals) = postSolution
		SolutionGuid = {547CA4AC-E05C-4764-BAA6-9D291646EFA5}
	EndGlobalSection
EndGlobal
